
Microsoft Visual Studio Solution File, Format Version 12.00
# Visual Studio 15
VisualStudioVersion = 15.0.28307.329
MinimumVisualStudioVersion = 10.0.40219.1
Project("{FAE04EC0-301F-11D3-BF4B-00C04F79EFBC}") = "DevOpsTask", "DevOpsTask\DevOpsTask.csproj", "{1557AEF8-B3BB-4525-8CA0-907277679512}"
EndProject
Global
	GlobalSection(SolutionConfigurationPlatforms) = preSolution
		Debug|Any CPU = Debug|Any CPU
		Release|Any CPU = Release|Any CPU
	EndGlobalSection
	GlobalSection(ProjectConfigurationPlatforms) = postSolution
		{1557AEF8-B3BB-4525-8CA0-907277679512}.Debug|Any CPU.ActiveCfg = Debug|Any CPU
		{1557AEF8-B3BB-4525-8CA0-907277679512}.Debug|Any CPU.Build.0 = Debug|Any CPU
		{1557AEF8-B3BB-4525-8CA0-907277679512}.Release|Any CPU.ActiveCfg = Release|Any CPU
		{1557AEF8-B3BB-4525-8CA0-907277679512}.Release|Any CPU.Build.0 = Release|Any CPU
	EndGlobalSection
	GlobalSection(SolutionProperties) = preSolution
		HideSolutionNode = FALSE
	EndGlobalSection
	GlobalSection(ExtensibilityGlobals) = postSolution
		SolutionGuid = {914C5CD7-8941-4F45-A3E2-4D06F8A229BD}
	EndGlobalSection
EndGlobal
